{
  "pins" : [
    {
      "identity" : "swift-syntax",
      "kind" : "remoteSourceControl",
      "location" : "https://github.com/apple/swift-syntax.git",
      "state" : {
        "branch" : "main",
        "revision" : "0747547222537d8d3a07f41db5dd7886754108a1"
      }
    }
  ],
  "version" : 2
}
